// !$*UTF8*$!
{
	archiveVersion = 1;
	classes = {
	};
	objectVersion = 50;
	objects = {

/* Begin PBXBuildFile section */
		E357B0452635ACD700776A83 /* BlueprintApp.swift in Sources */ = {isa = PBXBuildFile; fileRef = E357B0442635ACD700776A83 /* BlueprintApp.swift */; };
		E357B0472635ACD700776A83 /* ContentView.swift in Sources */ = {isa = PBXBuildFile; fileRef = E357B0462635ACD700776A83 /* ContentView.swift */; };
		E357B0492635ACD700776A83 /* Assets.xcassets in Resources */ = {isa = PBXBuildFile; fileRef = E357B0482635ACD700776A83 /* Assets.xcassets */; };
		E357B04C2635ACD700776A83 /* Preview Assets.xcassets in Resources */ = {isa = PBXBuildFile; fileRef = E357B04B2635ACD700776A83 /* Preview Assets.xcassets */; };
		E357B0572635ACD800776A83 /* BlueprintTests.swift in Sources */ = {isa = PBXBuildFile; fileRef = E357B0562635ACD800776A83 /* BlueprintTests.swift */; };
		E357B0622635ACD800776A83 /* BlueprintUITests.swift in Sources */ = {isa = PBXBuildFile; fileRef = E357B0612635ACD800776A83 /* BlueprintUITests.swift */; };
/* End PBXBuildFile section */

/* Begin PBXContainerItemProxy section */
		E357B0532635ACD800776A83 /* PBXContainerItemProxy */ = {
			isa = PBXContainerItemProxy;
			containerPortal = E357B0392635ACD700776A83 /* Project object */;
			proxyType = 1;
			remoteGlobalIDString = E357B0402635ACD700776A83;
			remoteInfo = Blueprint;
		};
		E357B05E2635ACD800776A83 /* PBXContainerItemProxy */ = {
			isa = PBXContainerItemProxy;
			containerPortal = E357B0392635ACD700776A83 /* Project object */;
			proxyType = 1;
			remoteGlobalIDString = E357B0402635ACD700776A83;
			remoteInfo = Blueprint;
		};
/* End PBXContainerItemProxy section */

/* Begin PBXFileReference section */
		E357B0412635ACD700776A83 /* Blueprint.app */ = {isa = PBXFileReference; explicitFileType = wrapper.application; includeInIndex = 0; path = Blueprint.app; sourceTree = BUILT_PRODUCTS_DIR; };
		E357B0442635ACD700776A83 /* BlueprintApp.swift */ = {isa = PBXFileReference; lastKnownFileType = sourcecode.swift; path = BlueprintApp.swift; sourceTree = "<group>"; };
		E357B0462635ACD700776A83 /* ContentView.swift */ = {isa = PBXFileReference; lastKnownFileType = sourcecode.swift; path = ContentView.swift; sourceTree = "<group>"; };
		E357B0482635ACD700776A83 /* Assets.xcassets */ = {isa = PBXFileReference; lastKnownFileType = folder.assetcatalog; path = Assets.xcassets; sourceTree = "<group>"; };
		E357B04B2635ACD700776A83 /* Preview Assets.xcassets */ = {isa = PBXFileReference; lastKnownFileType = folder.assetcatalog; path = "Preview Assets.xcassets"; sourceTree = "<group>"; };
		E357B04D2635ACD700776A83 /* Info.plist */ = {isa = PBXFileReference; lastKnownFileType = text.plist.xml; path = Info.plist; sourceTree = "<group>"; };
		E357B0522635ACD800776A83 /* BlueprintTests.xctest */ = {isa = PBXFileReference; explicitFileType = wrapper.cfbundle; includeInIndex = 0; path = BlueprintTests.xctest; sourceTree = BUILT_PRODUCTS_DIR; };
		E357B0562635ACD800776A83 /* BlueprintTests.swift */ = {isa = PBXFileReference; lastKnownFileType = sourcecode.swift; path = BlueprintTests.swift; sourceTree = "<group>"; };
		E357B0582635ACD800776A83 /* Info.plist */ = {isa = PBXFileReference; lastKnownFileType = text.plist.xml; path = Info.plist; sourceTree = "<group>"; };
		E357B05D2635ACD800776A83 /* BlueprintUITests.xctest */ = {isa = PBXFileReference; explicitFileType = wrapper.cfbundle; includeInIndex = 0; path = BlueprintUITests.xctest; sourceTree = BUILT_PRODUCTS_DIR; };
		E357B0612635ACD800776A83 /* BlueprintUITests.swift */ = {isa = PBXFileReference; lastKnownFileType = sourcecode.swift; path = BlueprintUITests.swift; sourceTree = "<group>"; };
		E357B0632635ACD800776A83 /* Info.plist */ = {isa = PBXFileReference; lastKnownFileType = text.plist.xml; path = Info.plist; sourceTree = "<group>"; };
/* End PBXFileReference section */

/* Begin PBXFrameworksBuildPhase section */
		E357B03E2635ACD700776A83 /* Frameworks */ = {
			isa = PBXFrameworksBuildPhase;
			buildActionMask = 2147483647;
			files = (
			);
			runOnlyForDeploymentPostprocessing = 0;
		};
		E357B04F2635ACD800776A83 /* Frameworks */ = {
			isa = PBXFrameworksBuildPhase;
			buildActionMask = 2147483647;
			files = (
			);
			runOnlyForDeploymentPostprocessing = 0;
		};
		E357B05A2635ACD800776A83 /* Frameworks */ = {
			isa = PBXFrameworksBuildPhase;
			buildActionMask = 2147483647;
			files = (
			);
			runOnlyForDeploymentPostprocessing = 0;
		};
/* End PBXFrameworksBuildPhase section */

/* Begin PBXGroup section */
		E357B0382635ACD700776A83 = {
			isa = PBXGroup;
			children = (
				E357B0432635ACD700776A83 /* Blueprint */,
				E357B0552635ACD800776A83 /* BlueprintTests */,
				E357B0602635ACD800776A83 /* BlueprintUITests */,
				E357B0422635ACD700776A83 /* Products */,
			);
			sourceTree = "<group>";
		};
		E357B0422635ACD700776A83 /* Products */ = {
			isa = PBXGroup;
			children = (
				E357B0412635ACD700776A83 /* Blueprint.app */,
				E357B0522635ACD800776A83 /* BlueprintTests.xctest */,
				E357B05D2635ACD800776A83 /* BlueprintUITests.xctest */,
			);
			name = Products;
			sourceTree = "<group>";
		};
		E357B0432635ACD700776A83 /* Blueprint */ = {
			isa = PBXGroup;
			children = (
				E357B0442635ACD700776A83 /* BlueprintApp.swift */,
				E357B0462635ACD700776A83 /* ContentView.swift */,
				E357B0482635ACD700776A83 /* Assets.xcassets */,
				E357B04D2635ACD700776A83 /* Info.plist */,
				E357B04A2635ACD700776A83 /* Preview Content */,
			);
			path = Blueprint;
			sourceTree = "<group>";
		};
		E357B04A2635ACD700776A83 /* Preview Content */ = {
			isa = PBXGroup;
			children = (
				E357B04B2635ACD700776A83 /* Preview Assets.xcassets */,
			);
			path = "Preview Content";
			sourceTree = "<group>";
		};
		E357B0552635ACD800776A83 /* BlueprintTests */ = {
			isa = PBXGroup;
			children = (
				E357B0562635ACD800776A83 /* BlueprintTests.swift */,
				E357B0582635ACD800776A83 /* Info.plist */,
			);
			path = BlueprintTests;
			sourceTree = "<group>";
		};
		E357B0602635ACD800776A83 /* BlueprintUITests */ = {
			isa = PBXGroup;
			children = (
				E357B0612635ACD800776A83 /* BlueprintUITests.swift */,
				E357B0632635ACD800776A83 /* Info.plist */,
			);
			path = BlueprintUITests;
			sourceTree = "<group>";
		};
/* End PBXGroup section */

/* Begin PBXNativeTarget section */
		E357B0402635ACD700776A83 /* Blueprint */ = {
			isa = PBXNativeTarget;
			buildConfigurationList = E357B0662635ACD800776A83 /* Build configuration list for PBXNativeTarget "Blueprint" */;
			buildPhases = (
				E357B03D2635ACD700776A83 /* Sources */,
				E357B03E2635ACD700776A83 /* Frameworks */,
				E357B03F2635ACD700776A83 /* Resources */,
			);
			buildRules = (
			);
			dependencies = (
			);
			name = Blueprint;
			productName = Blueprint;
			productReference = E357B0412635ACD700776A83 /* Blueprint.app */;
			productType = "com.apple.product-type.application";
		};
		E357B0512635ACD800776A83 /* BlueprintTests */ = {
			isa = PBXNativeTarget;
			buildConfigurationList = E357B0692635ACD800776A83 /* Build configuration list for PBXNativeTarget "BlueprintTests" */;
			buildPhases = (
				E357B04E2635ACD800776A83 /* Sources */,
				E357B04F2635ACD800776A83 /* Frameworks */,
				E357B0502635ACD800776A83 /* Resources */,
			);
			buildRules = (
			);
			dependencies = (
				E357B0542635ACD800776A83 /* PBXTargetDependency */,
			);
			name = BlueprintTests;
			productName = BlueprintTests;
			productReference = E357B0522635ACD800776A83 /* BlueprintTests.xctest */;
			productType = "com.apple.product-type.bundle.unit-test";
		};
		E357B05C2635ACD800776A83 /* BlueprintUITests */ = {
			isa = PBXNativeTarget;
			buildConfigurationList = E357B06C2635ACD800776A83 /* Build configuration list for PBXNativeTarget "BlueprintUITests" */;
			buildPhases = (
				E357B0592635ACD800776A83 /* Sources */,
				E357B05A2635ACD800776A83 /* Frameworks */,
				E357B05B2635ACD800776A83 /* Resources */,
			);
			buildRules = (
			);
			dependencies = (
				E357B05F2635ACD800776A83 /* PBXTargetDependency */,
			);
			name = BlueprintUITests;
			productName = BlueprintUITests;
			productReference = E357B05D2635ACD800776A83 /* BlueprintUITests.xctest */;
			productType = "com.apple.product-type.bundle.ui-testing";
		};
/* End PBXNativeTarget section */

/* Begin PBXProject section */
		E357B0392635ACD700776A83 /* Project object */ = {
			isa = PBXProject;
			attributes = {
				LastSwiftUpdateCheck = 1240;
				LastUpgradeCheck = 1240;
				TargetAttributes = {
					E357B0402635ACD700776A83 = {
						CreatedOnToolsVersion = 12.4;
					};
					E357B0512635ACD800776A83 = {
						CreatedOnToolsVersion = 12.4;
						TestTargetID = E357B0402635ACD700776A83;
					};
					E357B05C2635ACD800776A83 = {
						CreatedOnToolsVersion = 12.4;
						TestTargetID = E357B0402635ACD700776A83;
					};
				};
			};
			buildConfigurationList = E357B03C2635ACD700776A83 /* Build configuration list for PBXProject "Blueprint" */;
			compatibilityVersion = "Xcode 9.3";
			developmentRegion = en;
			hasScannedForEncodings = 0;
			knownRegions = (
				en,
				Base,
			);
			mainGroup = E357B0382635ACD700776A83;
			productRefGroup = E357B0422635ACD700776A83 /* Products */;
			projectDirPath = "";
			projectRoot = "";
			targets = (
				E357B0402635ACD700776A83 /* Blueprint */,
				E357B0512635ACD800776A83 /* BlueprintTests */,
				E357B05C2635ACD800776A83 /* BlueprintUITests */,
			);
		};
/* End PBXProject section */

/* Begin PBXResourcesBuildPhase section */
		E357B03F2635ACD700776A83 /* Resources */ = {
			isa = PBXResourcesBuildPhase;
			buildActionMask = 2147483647;
			files = (
				E357B04C2635ACD700776A83 /* Preview Assets.xcassets in Resources */,
				E357B0492635ACD700776A83 /* Assets.xcassets in Resources */,
			);
			runOnlyForDeploymentPostprocessing = 0;
		};
		E357B0502635ACD800776A83 /* Resources */ = {
			isa = PBXResourcesBuildPhase;
			buildActionMask = 2147483647;
			files = (
			);
			runOnlyForDeploymentPostprocessing = 0;
		};
		E357B05B2635ACD800776A83 /* Resources */ = {
			isa = PBXResourcesBuildPhase;
			buildActionMask = 2147483647;
			files = (
			);
			runOnlyForDeploymentPostprocessing = 0;
		};
/* End PBXResourcesBuildPhase section */

/* Begin PBXSourcesBuildPhase section */
		E357B03D2635ACD700776A83 /* Sources */ = {
			isa = PBXSourcesBuildPhase;
			buildActionMask = 2147483647;
			files = (
				E357B0472635ACD700776A83 /* ContentView.swift in Sources */,
				E357B0452635ACD700776A83 /* BlueprintApp.swift in Sources */,
			);
			runOnlyForDeploymentPostprocessing = 0;
		};
		E357B04E2635ACD800776A83 /* Sources */ = {
			isa = PBXSourcesBuildPhase;
			buildActionMask = 2147483647;
			files = (
				E357B0572635ACD800776A83 /* BlueprintTests.swift in Sources */,
			);
			runOnlyForDeploymentPostprocessing = 0;
		};
		E357B0592635ACD800776A83 /* Sources */ = {
			isa = PBXSourcesBuildPhase;
			buildActionMask = 2147483647;
			files = (
				E357B0622635ACD800776A83 /* BlueprintUITests.swift in Sources */,
			);
			runOnlyForDeploymentPostprocessing = 0;
		};
/* End PBXSourcesBuildPhase section */

/* Begin PBXTargetDependency section */
		E357B0542635ACD800776A83 /* PBXTargetDependency */ = {
			isa = PBXTargetDependency;
			target = E357B0402635ACD700776A83 /* Blueprint */;
			targetProxy = E357B0532635ACD800776A83 /* PBXContainerItemProxy */;
		};
		E357B05F2635ACD800776A83 /* PBXTargetDependency */ = {
			isa = PBXTargetDependency;
			target = E357B0402635ACD700776A83 /* Blueprint */;
			targetProxy = E357B05E2635ACD800776A83 /* PBXContainerItemProxy */;
		};
/* End PBXTargetDependency section */

/* Begin XCBuildConfiguration section */
		E357B0642635ACD800776A83 /* Debug */ = {
			isa = XCBuildConfiguration;
			buildSettings = {
				ALWAYS_SEARCH_USER_PATHS = NO;
				CLANG_ANALYZER_NONNULL = YES;
				CLANG_ANALYZER_NUMBER_OBJECT_CONVERSION = YES_AGGRESSIVE;
				CLANG_CXX_LANGUAGE_STANDARD = "gnu++14";
				CLANG_CXX_LIBRARY = "libc++";
				CLANG_ENABLE_MODULES = YES;
				CLANG_ENABLE_OBJC_ARC = YES;
				CLANG_ENABLE_OBJC_WEAK = YES;
				CLANG_WARN_BLOCK_CAPTURE_AUTORELEASING = YES;
				CLANG_WARN_BOOL_CONVERSION = YES;
				CLANG_WARN_COMMA = YES;
				CLANG_WARN_CONSTANT_CONVERSION = YES;
				CLANG_WARN_DEPRECATED_OBJC_IMPLEMENTATIONS = YES;
				CLANG_WARN_DIRECT_OBJC_ISA_USAGE = YES_ERROR;
				CLANG_WARN_DOCUMENTATION_COMMENTS = YES;
				CLANG_WARN_EMPTY_BODY = YES;
				CLANG_WARN_ENUM_CONVERSION = YES;
				CLANG_WARN_INFINITE_RECURSION = YES;
				CLANG_WARN_INT_CONVERSION = YES;
				CLANG_WARN_NON_LITERAL_NULL_CONVERSION = YES;
				CLANG_WARN_OBJC_IMPLICIT_RETAIN_SELF = YES;
				CLANG_WARN_OBJC_LITERAL_CONVERSION = YES;
				CLANG_WARN_OBJC_ROOT_CLASS = YES_ERROR;
				CLANG_WARN_QUOTED_INCLUDE_IN_FRAMEWORK_HEADER = YES;
				CLANG_WARN_RANGE_LOOP_ANALYSIS = YES;
				CLANG_WARN_STRICT_PROTOTYPES = YES;
				CLANG_WARN_SUSPICIOUS_MOVE = YES;
				CLANG_WARN_UNGUARDED_AVAILABILITY = YES_AGGRESSIVE;
				CLANG_WARN_UNREACHABLE_CODE = YES;
				CLANG_WARN__DUPLICATE_METHOD_MATCH = YES;
				COPY_PHASE_STRIP = NO;
				DEBUG_INFORMATION_FORMAT = dwarf;
				ENABLE_STRICT_OBJC_MSGSEND = YES;
				ENABLE_TESTABILITY = YES;
				GCC_C_LANGUAGE_STANDARD = gnu11;
				GCC_DYNAMIC_NO_PIC = NO;
				GCC_NO_COMMON_BLOCKS = YES;
				GCC_OPTIMIZATION_LEVEL = 0;
				GCC_PREPROCESSOR_DEFINITIONS = (
					"DEBUG=1",
					"$(inherited)",
				);
				GCC_WARN_64_TO_32_BIT_CONVERSION = YES;
				GCC_WARN_ABOUT_RETURN_TYPE = YES_ERROR;
				GCC_WARN_UNDECLARED_SELECTOR = YES;
				GCC_WARN_UNINITIALIZED_AUTOS = YES_AGGRESSIVE;
				GCC_WARN_UNUSED_FUNCTION = YES;
				GCC_WARN_UNUSED_VARIABLE = YES;
				IPHONEOS_DEPLOYMENT_TARGET = 14.4;
				MTL_ENABLE_DEBUG_INFO = INCLUDE_SOURCE;
				MTL_FAST_MATH = YES;
				ONLY_ACTIVE_ARCH = YES;
				SDKROOT = iphoneos;
				SWIFT_ACTIVE_COMPILATION_CONDITIONS = DEBUG;
				SWIFT_OPTIMIZATION_LEVEL = "-Onone";
			};
			name = Debug;
		};
		E357B0652635ACD800776A83 /* Release */ = {
			isa = XCBuildConfiguration;
			buildSettings = {
				ALWAYS_SEARCH_USER_PATHS = NO;
				CLANG_ANALYZER_NONNULL = YES;
				CLANG_ANALYZER_NUMBER_OBJECT_CONVERSION = YES_AGGRESSIVE;
				CLANG_CXX_LANGUAGE_STANDARD = "gnu++14";
				CLANG_CXX_LIBRARY = "libc++";
				CLANG_ENABLE_MODULES = YES;
				CLANG_ENABLE_OBJC_ARC = YES;
				CLANG_ENABLE_OBJC_WEAK = YES;
				CLANG_WARN_BLOCK_CAPTURE_AUTORELEASING = YES;
				CLANG_WARN_BOOL_CONVERSION = YES;
				CLANG_WARN_COMMA = YES;
				CLANG_WARN_CONSTANT_CONVERSION = YES;
				CLANG_WARN_DEPRECATED_OBJC_IMPLEMENTATIONS = YES;
				CLANG_WARN_DIRECT_OBJC_ISA_USAGE = YES_ERROR;
				CLANG_WARN_DOCUMENTATION_COMMENTS = YES;
				CLANG_WARN_EMPTY_BODY = YES;
				CLANG_WARN_ENUM_CONVERSION = YES;
				CLANG_WARN_INFINITE_RECURSION = YES;
				CLANG_WARN_INT_CONVERSION = YES;
				CLANG_WARN_NON_LITERAL_NULL_CONVERSION = YES;
				CLANG_WARN_OBJC_IMPLICIT_RETAIN_SELF = YES;
				CLANG_WARN_OBJC_LITERAL_CONVERSION = YES;
				CLANG_WARN_OBJC_ROOT_CLASS = YES_ERROR;
				CLANG_WARN_QUOTED_INCLUDE_IN_FRAMEWORK_HEADER = YES;
				CLANG_WARN_RANGE_LOOP_ANALYSIS = YES;
				CLANG_WARN_STRICT_PROTOTYPES = YES;
				CLANG_WARN_SUSPICIOUS_MOVE = YES;
				CLANG_WARN_UNGUARDED_AVAILABILITY = YES_AGGRESSIVE;
				CLANG_WARN_UNREACHABLE_CODE = YES;
				CLANG_WARN__DUPLICATE_METHOD_MATCH = YES;
				COPY_PHASE_STRIP = NO;
				DEBUG_INFORMATION_FORMAT = "dwarf-with-dsym";
				ENABLE_NS_ASSERTIONS = NO;
				ENABLE_STRICT_OBJC_MSGSEND = YES;
				GCC_C_LANGUAGE_STANDARD = gnu11;
				GCC_NO_COMMON_BLOCKS = YES;
				GCC_WARN_64_TO_32_BIT_CONVERSION = YES;
				GCC_WARN_ABOUT_RETURN_TYPE = YES_ERROR;
				GCC_WARN_UNDECLARED_SELECTOR = YES;
				GCC_WARN_UNINITIALIZED_AUTOS = YES_AGGRESSIVE;
				GCC_WARN_UNUSED_FUNCTION = YES;
				GCC_WARN_UNUSED_VARIABLE = YES;
				IPHONEOS_DEPLOYMENT_TARGET = 14.4;
				MTL_ENABLE_DEBUG_INFO = NO;
				MTL_FAST_MATH = YES;
				SDKROOT = iphoneos;
				SWIFT_COMPILATION_MODE = wholemodule;
				SWIFT_OPTIMIZATION_LEVEL = "-O";
				VALIDATE_PRODUCT = YES;
			};
			name = Release;
		};
		E357B0672635ACD800776A83 /* Debug */ = {
			isa = XCBuildConfiguration;
			buildSettings = {
				ASSETCATALOG_COMPILER_APPICON_NAME = AppIcon;
				ASSETCATALOG_COMPILER_GLOBAL_ACCENT_COLOR_NAME = AccentColor;
				CODE_SIGN_STYLE = Automatic;
				DEVELOPMENT_ASSET_PATHS = "\"Blueprint/Preview Content\"";
				ENABLE_PREVIEWS = YES;
				INFOPLIST_FILE = Blueprint/Info.plist;
				IPHONEOS_DEPLOYMENT_TARGET = 14.0;
				LD_RUNPATH_SEARCH_PATHS = (
					"$(inherited)",
					"@executable_path/Frameworks",
				);
				PRODUCT_BUNDLE_IDENTIFIER = com.kazakago.Blueprint;
				PRODUCT_NAME = "$(TARGET_NAME)";
				SWIFT_VERSION = 5.0;
				TARGETED_DEVICE_FAMILY = "1,2";
			};
			name = Debug;
		};
		E357B0682635ACD800776A83 /* Release */ = {
			isa = XCBuildConfiguration;
			buildSettings = {
				ASSETCATALOG_COMPILER_APPICON_NAME = AppIcon;
				ASSETCATALOG_COMPILER_GLOBAL_ACCENT_COLOR_NAME = AccentColor;
				CODE_SIGN_STYLE = Automatic;
				DEVELOPMENT_ASSET_PATHS = "\"Blueprint/Preview Content\"";
				ENABLE_PREVIEWS = YES;
				INFOPLIST_FILE = Blueprint/Info.plist;
				IPHONEOS_DEPLOYMENT_TARGET = 14.0;
				LD_RUNPATH_SEARCH_PATHS = (
					"$(inherited)",
					"@executable_path/Frameworks",
				);
				PRODUCT_BUNDLE_IDENTIFIER = com.kazakago.Blueprint;
				PRODUCT_NAME = "$(TARGET_NAME)";
				SWIFT_VERSION = 5.0;
				TARGETED_DEVICE_FAMILY = "1,2";
			};
			name = Release;
		};
		E357B06A2635ACD800776A83 /* Debug */ = {
			isa = XCBuildConfiguration;
			buildSettings = {
				ALWAYS_EMBED_SWIFT_STANDARD_LIBRARIES = YES;
				BUNDLE_LOADER = "$(TEST_HOST)";
				CODE_SIGN_STYLE = Automatic;
				INFOPLIST_FILE = BlueprintTests/Info.plist;
				IPHONEOS_DEPLOYMENT_TARGET = 14.0;
				LD_RUNPATH_SEARCH_PATHS = (
					"$(inherited)",
					"@executable_path/Frameworks",
					"@loader_path/Frameworks",
				);
				PRODUCT_BUNDLE_IDENTIFIER = com.kazakago.BlueprintTests;
				PRODUCT_NAME = "$(TARGET_NAME)";
				SWIFT_VERSION = 5.0;
				TARGETED_DEVICE_FAMILY = "1,2";
				TEST_HOST = "$(BUILT_PRODUCTS_DIR)/Blueprint.app/Blueprint";
			};
			name = Debug;
		};
		E357B06B2635ACD800776A83 /* Release */ = {
			isa = XCBuildConfiguration;
			buildSettings = {
				ALWAYS_EMBED_SWIFT_STANDARD_LIBRARIES = YES;
				BUNDLE_LOADER = "$(TEST_HOST)";
				CODE_SIGN_STYLE = Automatic;
				INFOPLIST_FILE = BlueprintTests/Info.plist;
				IPHONEOS_DEPLOYMENT_TARGET = 14.0;
				LD_RUNPATH_SEARCH_PATHS = (
					"$(inherited)",
					"@executable_path/Frameworks",
					"@loader_path/Frameworks",
				);
				PRODUCT_BUNDLE_IDENTIFIER = com.kazakago.BlueprintTests;
				PRODUCT_NAME = "$(TARGET_NAME)";
				SWIFT_VERSION = 5.0;
				TARGETED_DEVICE_FAMILY = "1,2";
				TEST_HOST = "$(BUILT_PRODUCTS_DIR)/Blueprint.app/Blueprint";
			};
			name = Release;
		};
		E357B06D2635ACD800776A83 /* Debug */ = {
			isa = XCBuildConfiguration;
			buildSettings = {
				ALWAYS_EMBED_SWIFT_STANDARD_LIBRARIES = YES;
				CODE_SIGN_STYLE = Automatic;
				INFOPLIST_FILE = BlueprintUITests/Info.plist;
				LD_RUNPATH_SEARCH_PATHS = (
					"$(inherited)",
					"@executable_path/Frameworks",
					"@loader_path/Frameworks",
				);
				PRODUCT_BUNDLE_IDENTIFIER = com.kazakago.BlueprintUITests;
				PRODUCT_NAME = "$(TARGET_NAME)";
				SWIFT_VERSION = 5.0;
				TARGETED_DEVICE_FAMILY = "1,2";
				TEST_TARGET_NAME = Blueprint;
			};
			name = Debug;
		};
		E357B06E2635ACD800776A83 /* Release */ = {
			isa = XCBuildConfiguration;
			buildSettings = {
				ALWAYS_EMBED_SWIFT_STANDARD_LIBRARIES = YES;
				CODE_SIGN_STYLE = Automatic;
				INFOPLIST_FILE = BlueprintUITests/Info.plist;
				LD_RUNPATH_SEARCH_PATHS = (
					"$(inherited)",
					"@executable_path/Frameworks",
					"@loader_path/Frameworks",
				);
				PRODUCT_BUNDLE_IDENTIFIER = com.kazakago.BlueprintUITests;
				PRODUCT_NAME = "$(TARGET_NAME)";
				SWIFT_VERSION = 5.0;
				TARGETED_DEVICE_FAMILY = "1,2";
				TEST_TARGET_NAME = Blueprint;
			};
			name = Release;
		};
/* End XCBuildConfiguration section */

/* Begin XCConfigurationList section */
		E357B03C2635ACD700776A83 /* Build configuration list for PBXProject "Blueprint" */ = {
			isa = XCConfigurationList;
			buildConfigurations = (
				E357B0642635ACD800776A83 /* Debug */,
				E357B0652635ACD800776A83 /* Release */,
			);
			defaultConfigurationIsVisible = 0;
			defaultConfigurationName = Release;
		};
		E357B0662635ACD800776A83 /* Build configuration list for PBXNativeTarget "Blueprint" */ = {
			isa = XCConfigurationList;
			buildConfigurations = (
				E357B0672635ACD800776A83 /* Debug */,
				E357B0682635ACD800776A83 /* Release */,
			);
			defaultConfigurationIsVisible = 0;
			defaultConfigurationName = Release;
		};
		E357B0692635ACD800776A83 /* Build configuration list for PBXNativeTarget "BlueprintTests" */ = {
			isa = XCConfigurationList;
			buildConfigurations = (
				E357B06A2635ACD800776A83 /* Debug */,
				E357B06B2635ACD800776A83 /* Release */,
			);
			defaultConfigurationIsVisible = 0;
			defaultConfigurationName = Release;
		};
		E357B06C2635ACD800776A83 /* Build configuration list for PBXNativeTarget "BlueprintUITests" */ = {
			isa = XCConfigurationList;
			buildConfigurations = (
				E357B06D2635ACD800776A83 /* Debug */,
				E357B06E2635ACD800776A83 /* Release */,
			);
			defaultConfigurationIsVisible = 0;
			defaultConfigurationName = Release;
		};
/* End XCConfigurationList section */
	};
	rootObject = E357B0392635ACD700776A83 /* Project object */;
}
